
Microsoft Visual Studio Solution File, Format Version 11.00
# Visual Studio 2010
Project("{FAE04EC0-301F-11D3-BF4B-00C04F79EFBC}") = "BtfaxInstaller", "BtfaxInstaller\BtfaxInstaller.csproj", "{178F377D-04A2-44E6-839E-E5AE57CECD75}"
EndProject
Global
	GlobalSection(SolutionConfigurationPlatforms) = preSolution
		Debug|x86 = Debug|x86
		Release|x86 = Release|x86
	EndGlobalSection
	GlobalSection(ProjectConfigurationPlatforms) = postSolution
		{178F377D-04A2-44E6-839E-E5AE57CECD75}.Debug|x86.ActiveCfg = Release|x86
		{178F377D-04A2-44E6-839E-E5AE57CECD75}.Debug|x86.Build.0 = Release|x86
		{178F377D-04A2-44E6-839E-E5AE57CECD75}.Release|x86.ActiveCfg = Release|x86
		{178F377D-04A2-44E6-839E-E5AE57CECD75}.Release|x86.Build.0 = Release|x86
	EndGlobalSection
	GlobalSection(SolutionProperties) = preSolution
		HideSolutionNode = FALSE
	EndGlobalSection
EndGlobal
