
Microsoft Visual Studio Solution File, Format Version 11.00
# Visual Studio 2010
Project("{FAE04EC0-301F-11D3-BF4B-00C04F79EFBC}") = "com.installer", "com.installer\BtfaxInstaller\com.installer.csproj", "{178F377D-04A2-44E6-839E-E5AE57CECD75}"
EndProject
Project("{FAE04EC0-301F-11D3-BF4B-00C04F79EFBC}") = "com.winsvc", "com.winsvc\WindowsService\WindowsService\com.winsvc.csproj", "{2FA3EE86-6125-4C79-B122-35DFD0083EBA}"
EndProject
Project("{FAE04EC0-301F-11D3-BF4B-00C04F79EFBC}") = "fis.aob", "fis.aob\AdapterOut\fis.aob.csproj", "{D9002E2C-C1BF-4B28-9E24-092842FDD9D5}"
EndProject
Project("{FAE04EC0-301F-11D3-BF4B-00C04F79EFBC}") = "fcs.dcv", "fcs.dcv\DocumentConverter\fcs.dcv.csproj", "{99729851-DE40-491B-8561-5811D8AC60EE}"
EndProject
Project("{FAE04EC0-301F-11D3-BF4B-00C04F79EFBC}") = "fcs.dcv.callback", "fcs.dcv.callback\fcs.dcv.callback.csproj", "{6D643E4E-25A6-4847-BF32-D0632B3B918B}"
EndProject
Project("{FAE04EC0-301F-11D3-BF4B-00C04F79EFBC}") = "fcs.psc", "fcs.psc\PostFcs\fcs.psc.csproj", "{374DA312-128E-4ECA-B28C-9E42BE283336}"
EndProject
Project("{FAE04EC0-301F-11D3-BF4B-00C04F79EFBC}") = "fcs.tmk", "fcs.tmk\TiffMaker\fcs.tmk.csproj", "{C84C2E72-6F56-4728-9F42-F952C8EFAF6A}"
EndProject
Project("{FAE04EC0-301F-11D3-BF4B-00C04F79EFBC}") = "fcs.tpc", "fcs.tpc\TiffProcessor\fcs.tpc.csproj", "{E5FB0A95-7046-4FCD-B019-CF40F8CC2DC0}"
EndProject
Project("{FAE04EC0-301F-11D3-BF4B-00C04F79EFBC}") = "fis.fas", "fis.fas\FaxAgent.Server\fis.fas.csproj", "{4B139CDD-A141-4F56-98B6-4383D6167707}"
EndProject
Project("{8BC9CEB8-8B4A-11D0-8D11-00A0C91BC942}") = "fts.fid", "fts.fod, fid, fsm, dcm\11.FID\FID.vcxproj", "{CAEF8559-F857-4CC2-AE5D-B1316A9AD24B}"
EndProject
Project("{8BC9CEB8-8B4A-11D0-8D11-00A0C91BC942}") = "fts.fod", "fts.fod, fid, fsm, dcm\12.FOD\FOD.vcxproj", "{96577234-BB66-43FF-AEA0-4958C8ABAAE8}"
EndProject
Project("{8BC9CEB8-8B4A-11D0-8D11-00A0C91BC942}") = "fts.fsm", "fts.fod, fid, fsm, dcm\13.FSM\FSM.vcxproj", "{3E3CBC28-71B2-436B-AC2B-71FE4AAC6A03}"
EndProject
Project("{8BC9CEB8-8B4A-11D0-8D11-00A0C91BC942}") = "fts.dcm", "fts.fod, fid, fsm, dcm\14.DCM\DCM.vcxproj", "{F1E4A344-1B9D-42E4-8EA7-86DF53E99E8B}"
EndProject
Project("{FAE04EC0-301F-11D3-BF4B-00C04F79EFBC}") = "fis.psi", "fis.psi\PostFID\fis.psi.csproj", "{B0ABAFAF-440B-42C9-B0DA-BD0E6E759CFC}"
EndProject
Project("{FAE04EC0-301F-11D3-BF4B-00C04F79EFBC}") = "fis.pso", "fis.pso\PostFOD\fis.pso.csproj", "{776249C3-2591-4AE4-9366-C319AD783EF7}"
EndProject
Project("{8BC9CEB8-8B4A-11D0-8D11-00A0C91BC942}") = "fts.FtsCommon", "fts.fod, fid, fsm, dcm\06.FtsCommon\FtsCommon\FtsCommon.vcxproj", "{40173BBA-88EF-4EC6-9F9C-DD50840955AC}"
EndProject
Global
	GlobalSection(SolutionConfigurationPlatforms) = preSolution
		Debug|Any CPU = Debug|Any CPU
		Debug|Mixed Platforms = Debug|Mixed Platforms
		Debug|Win32 = Debug|Win32
		Debug|x64 = Debug|x64
		Debug|x86 = Debug|x86
		Release|Any CPU = Release|Any CPU
		Release|Mixed Platforms = Release|Mixed Platforms
		Release|Win32 = Release|Win32
		Release|x64 = Release|x64
		Release|x86 = Release|x86
	EndGlobalSection
	GlobalSection(ProjectConfigurationPlatforms) = postSolution
		{178F377D-04A2-44E6-839E-E5AE57CECD75}.Debug|Any CPU.ActiveCfg = Debug|x86
		{178F377D-04A2-44E6-839E-E5AE57CECD75}.Debug|Mixed Platforms.ActiveCfg = Release|x86
		{178F377D-04A2-44E6-839E-E5AE57CECD75}.Debug|Mixed Platforms.Build.0 = Release|x86
		{178F377D-04A2-44E6-839E-E5AE57CECD75}.Debug|Win32.ActiveCfg = Debug|x86
		{178F377D-04A2-44E6-839E-E5AE57CECD75}.Debug|x64.ActiveCfg = Release|x86
		{178F377D-04A2-44E6-839E-E5AE57CECD75}.Debug|x86.ActiveCfg = Debug|x86
		{178F377D-04A2-44E6-839E-E5AE57CECD75}.Debug|x86.Build.0 = Debug|x86
		{178F377D-04A2-44E6-839E-E5AE57CECD75}.Release|Any CPU.ActiveCfg = Release|x86
		{178F377D-04A2-44E6-839E-E5AE57CECD75}.Release|Mixed Platforms.ActiveCfg = Release|x86
		{178F377D-04A2-44E6-839E-E5AE57CECD75}.Release|Mixed Platforms.Build.0 = Release|x86
		{178F377D-04A2-44E6-839E-E5AE57CECD75}.Release|Win32.ActiveCfg = Release|x86
		{178F377D-04A2-44E6-839E-E5AE57CECD75}.Release|x64.ActiveCfg = Release|x86
		{178F377D-04A2-44E6-839E-E5AE57CECD75}.Release|x86.ActiveCfg = Release|x86
		{178F377D-04A2-44E6-839E-E5AE57CECD75}.Release|x86.Build.0 = Release|x86
		{2FA3EE86-6125-4C79-B122-35DFD0083EBA}.Debug|Any CPU.ActiveCfg = Debug|Any CPU
		{2FA3EE86-6125-4C79-B122-35DFD0083EBA}.Debug|Any CPU.Build.0 = Debug|Any CPU
		{2FA3EE86-6125-4C79-B122-35DFD0083EBA}.Debug|Mixed Platforms.ActiveCfg = Release|Any CPU
		{2FA3EE86-6125-4C79-B122-35DFD0083EBA}.Debug|Mixed Platforms.Build.0 = Release|Any CPU
		{2FA3EE86-6125-4C79-B122-35DFD0083EBA}.Debug|Win32.ActiveCfg = Debug|Any CPU
		{2FA3EE86-6125-4C79-B122-35DFD0083EBA}.Debug|x64.ActiveCfg = Release|Any CPU
		{2FA3EE86-6125-4C79-B122-35DFD0083EBA}.Debug|x86.ActiveCfg = Debug|Any CPU
		{2FA3EE86-6125-4C79-B122-35DFD0083EBA}.Release|Any CPU.ActiveCfg = Release|Any CPU
		{2FA3EE86-6125-4C79-B122-35DFD0083EBA}.Release|Any CPU.Build.0 = Release|Any CPU
		{2FA3EE86-6125-4C79-B122-35DFD0083EBA}.Release|Mixed Platforms.ActiveCfg = Release|Any CPU
		{2FA3EE86-6125-4C79-B122-35DFD0083EBA}.Release|Mixed Platforms.Build.0 = Release|Any CPU
		{2FA3EE86-6125-4C79-B122-35DFD0083EBA}.Release|Win32.ActiveCfg = Release|Any CPU
		{2FA3EE86-6125-4C79-B122-35DFD0083EBA}.Release|x64.ActiveCfg = Release|Any CPU
		{2FA3EE86-6125-4C79-B122-35DFD0083EBA}.Release|x86.ActiveCfg = Release|Any CPU
		{D9002E2C-C1BF-4B28-9E24-092842FDD9D5}.Debug|Any CPU.ActiveCfg = Debug|Any CPU
		{D9002E2C-C1BF-4B28-9E24-092842FDD9D5}.Debug|Any CPU.Build.0 = Debug|Any CPU
		{D9002E2C-C1BF-4B28-9E24-092842FDD9D5}.Debug|Mixed Platforms.ActiveCfg = Release|Any CPU
		{D9002E2C-C1BF-4B28-9E24-092842FDD9D5}.Debug|Mixed Platforms.Build.0 = Release|Any CPU
		{D9002E2C-C1BF-4B28-9E24-092842FDD9D5}.Debug|Win32.ActiveCfg = Debug|Any CPU
		{D9002E2C-C1BF-4B28-9E24-092842FDD9D5}.Debug|x64.ActiveCfg = Release|x64
		{D9002E2C-C1BF-4B28-9E24-092842FDD9D5}.Debug|x64.Build.0 = Release|x64
		{D9002E2C-C1BF-4B28-9E24-092842FDD9D5}.Debug|x86.ActiveCfg = Debug|x86
		{D9002E2C-C1BF-4B28-9E24-092842FDD9D5}.Debug|x86.Build.0 = Debug|x86
		{D9002E2C-C1BF-4B28-9E24-092842FDD9D5}.Release|Any CPU.ActiveCfg = Release|Any CPU
		{D9002E2C-C1BF-4B28-9E24-092842FDD9D5}.Release|Any CPU.Build.0 = Release|Any CPU
		{D9002E2C-C1BF-4B28-9E24-092842FDD9D5}.Release|Mixed Platforms.ActiveCfg = Release|Any CPU
		{D9002E2C-C1BF-4B28-9E24-092842FDD9D5}.Release|Mixed Platforms.Build.0 = Release|Any CPU
		{D9002E2C-C1BF-4B28-9E24-092842FDD9D5}.Release|Win32.ActiveCfg = Release|Any CPU
		{D9002E2C-C1BF-4B28-9E24-092842FDD9D5}.Release|x64.ActiveCfg = Release|x64
		{D9002E2C-C1BF-4B28-9E24-092842FDD9D5}.Release|x86.ActiveCfg = Release|x86
		{D9002E2C-C1BF-4B28-9E24-092842FDD9D5}.Release|x86.Build.0 = Release|x86
		{99729851-DE40-491B-8561-5811D8AC60EE}.Debug|Any CPU.ActiveCfg = Debug|Any CPU
		{99729851-DE40-491B-8561-5811D8AC60EE}.Debug|Any CPU.Build.0 = Debug|Any CPU
		{99729851-DE40-491B-8561-5811D8AC60EE}.Debug|Mixed Platforms.ActiveCfg = Debug|x64
		{99729851-DE40-491B-8561-5811D8AC60EE}.Debug|Mixed Platforms.Build.0 = Debug|x64
		{99729851-DE40-491B-8561-5811D8AC60EE}.Debug|Win32.ActiveCfg = Debug|x64
		{99729851-DE40-491B-8561-5811D8AC60EE}.Debug|x64.ActiveCfg = Debug|x64
		{99729851-DE40-491B-8561-5811D8AC60EE}.Debug|x64.Build.0 = Debug|x64
		{99729851-DE40-491B-8561-5811D8AC60EE}.Debug|x86.ActiveCfg = Debug|x86
		{99729851-DE40-491B-8561-5811D8AC60EE}.Debug|x86.Build.0 = Debug|x86
		{99729851-DE40-491B-8561-5811D8AC60EE}.Release|Any CPU.ActiveCfg = Release|Any CPU
		{99729851-DE40-491B-8561-5811D8AC60EE}.Release|Any CPU.Build.0 = Release|Any CPU
		{99729851-DE40-491B-8561-5811D8AC60EE}.Release|Mixed Platforms.ActiveCfg = Release|x64
		{99729851-DE40-491B-8561-5811D8AC60EE}.Release|Mixed Platforms.Build.0 = Release|x64
		{99729851-DE40-491B-8561-5811D8AC60EE}.Release|Win32.ActiveCfg = Release|x64
		{99729851-DE40-491B-8561-5811D8AC60EE}.Release|x64.ActiveCfg = Release|x64
		{99729851-DE40-491B-8561-5811D8AC60EE}.Release|x86.ActiveCfg = Release|x86
		{99729851-DE40-491B-8561-5811D8AC60EE}.Release|x86.Build.0 = Release|x86
		{6D643E4E-25A6-4847-BF32-D0632B3B918B}.Debug|Any CPU.ActiveCfg = Debug|x86
		{6D643E4E-25A6-4847-BF32-D0632B3B918B}.Debug|Mixed Platforms.ActiveCfg = Debug|x86
		{6D643E4E-25A6-4847-BF32-D0632B3B918B}.Debug|Mixed Platforms.Build.0 = Debug|x86
		{6D643E4E-25A6-4847-BF32-D0632B3B918B}.Debug|Win32.ActiveCfg = Debug|x86
		{6D643E4E-25A6-4847-BF32-D0632B3B918B}.Debug|x64.ActiveCfg = Debug|x86
		{6D643E4E-25A6-4847-BF32-D0632B3B918B}.Debug|x86.ActiveCfg = Debug|x86
		{6D643E4E-25A6-4847-BF32-D0632B3B918B}.Debug|x86.Build.0 = Debug|x86
		{6D643E4E-25A6-4847-BF32-D0632B3B918B}.Release|Any CPU.ActiveCfg = Release|x86
		{6D643E4E-25A6-4847-BF32-D0632B3B918B}.Release|Mixed Platforms.ActiveCfg = Release|x86
		{6D643E4E-25A6-4847-BF32-D0632B3B918B}.Release|Mixed Platforms.Build.0 = Release|x86
		{6D643E4E-25A6-4847-BF32-D0632B3B918B}.Release|Win32.ActiveCfg = Release|x86
		{6D643E4E-25A6-4847-BF32-D0632B3B918B}.Release|x64.ActiveCfg = Release|x86
		{6D643E4E-25A6-4847-BF32-D0632B3B918B}.Release|x86.ActiveCfg = Release|x86
		{6D643E4E-25A6-4847-BF32-D0632B3B918B}.Release|x86.Build.0 = Release|x86
		{374DA312-128E-4ECA-B28C-9E42BE283336}.Debug|Any CPU.ActiveCfg = Debug|x64
		{374DA312-128E-4ECA-B28C-9E42BE283336}.Debug|Mixed Platforms.ActiveCfg = Debug|x64
		{374DA312-128E-4ECA-B28C-9E42BE283336}.Debug|Mixed Platforms.Build.0 = Debug|x64
		{374DA312-128E-4ECA-B28C-9E42BE283336}.Debug|Win32.ActiveCfg = Debug|x64
		{374DA312-128E-4ECA-B28C-9E42BE283336}.Debug|x64.ActiveCfg = Debug|x64
		{374DA312-128E-4ECA-B28C-9E42BE283336}.Debug|x64.Build.0 = Debug|x64
		{374DA312-128E-4ECA-B28C-9E42BE283336}.Debug|x86.ActiveCfg = Debug|x86
		{374DA312-128E-4ECA-B28C-9E42BE283336}.Debug|x86.Build.0 = Debug|x86
		{374DA312-128E-4ECA-B28C-9E42BE283336}.Release|Any CPU.ActiveCfg = Release|x64
		{374DA312-128E-4ECA-B28C-9E42BE283336}.Release|Mixed Platforms.ActiveCfg = Release|x64
		{374DA312-128E-4ECA-B28C-9E42BE283336}.Release|Mixed Platforms.Build.0 = Release|x64
		{374DA312-128E-4ECA-B28C-9E42BE283336}.Release|Win32.ActiveCfg = Release|x64
		{374DA312-128E-4ECA-B28C-9E42BE283336}.Release|x64.ActiveCfg = Release|x64
		{374DA312-128E-4ECA-B28C-9E42BE283336}.Release|x86.ActiveCfg = Release|x86
		{374DA312-128E-4ECA-B28C-9E42BE283336}.Release|x86.Build.0 = Release|x86
		{C84C2E72-6F56-4728-9F42-F952C8EFAF6A}.Debug|Any CPU.ActiveCfg = Debug|Any CPU
		{C84C2E72-6F56-4728-9F42-F952C8EFAF6A}.Debug|Any CPU.Build.0 = Debug|Any CPU
		{C84C2E72-6F56-4728-9F42-F952C8EFAF6A}.Debug|Mixed Platforms.ActiveCfg = Debug|Any CPU
		{C84C2E72-6F56-4728-9F42-F952C8EFAF6A}.Debug|Mixed Platforms.Build.0 = Debug|Any CPU
		{C84C2E72-6F56-4728-9F42-F952C8EFAF6A}.Debug|Win32.ActiveCfg = Debug|Any CPU
		{C84C2E72-6F56-4728-9F42-F952C8EFAF6A}.Debug|x64.ActiveCfg = Debug|x64
		{C84C2E72-6F56-4728-9F42-F952C8EFAF6A}.Debug|x64.Build.0 = Debug|x64
		{C84C2E72-6F56-4728-9F42-F952C8EFAF6A}.Debug|x86.ActiveCfg = Debug|x86
		{C84C2E72-6F56-4728-9F42-F952C8EFAF6A}.Debug|x86.Build.0 = Debug|x86
		{C84C2E72-6F56-4728-9F42-F952C8EFAF6A}.Release|Any CPU.ActiveCfg = Release|Any CPU
		{C84C2E72-6F56-4728-9F42-F952C8EFAF6A}.Release|Any CPU.Build.0 = Release|Any CPU
		{C84C2E72-6F56-4728-9F42-F952C8EFAF6A}.Release|Mixed Platforms.ActiveCfg = Release|Any CPU
		{C84C2E72-6F56-4728-9F42-F952C8EFAF6A}.Release|Mixed Platforms.Build.0 = Release|Any CPU
		{C84C2E72-6F56-4728-9F42-F952C8EFAF6A}.Release|Win32.ActiveCfg = Release|Any CPU
		{C84C2E72-6F56-4728-9F42-F952C8EFAF6A}.Release|x64.ActiveCfg = Release|x64
		{C84C2E72-6F56-4728-9F42-F952C8EFAF6A}.Release|x86.ActiveCfg = Release|x86
		{C84C2E72-6F56-4728-9F42-F952C8EFAF6A}.Release|x86.Build.0 = Release|x86
		{E5FB0A95-7046-4FCD-B019-CF40F8CC2DC0}.Debug|Any CPU.ActiveCfg = Debug|Any CPU
		{E5FB0A95-7046-4FCD-B019-CF40F8CC2DC0}.Debug|Any CPU.Build.0 = Debug|Any CPU
		{E5FB0A95-7046-4FCD-B019-CF40F8CC2DC0}.Debug|Mixed Platforms.ActiveCfg = Debug|x64
		{E5FB0A95-7046-4FCD-B019-CF40F8CC2DC0}.Debug|Mixed Platforms.Build.0 = Debug|x64
		{E5FB0A95-7046-4FCD-B019-CF40F8CC2DC0}.Debug|Win32.ActiveCfg = Debug|x64
		{E5FB0A95-7046-4FCD-B019-CF40F8CC2DC0}.Debug|x64.ActiveCfg = Debug|x64
		{E5FB0A95-7046-4FCD-B019-CF40F8CC2DC0}.Debug|x64.Build.0 = Debug|x64
		{E5FB0A95-7046-4FCD-B019-CF40F8CC2DC0}.Debug|x86.ActiveCfg = Debug|x86
		{E5FB0A95-7046-4FCD-B019-CF40F8CC2DC0}.Debug|x86.Build.0 = Debug|x86
		{E5FB0A95-7046-4FCD-B019-CF40F8CC2DC0}.Release|Any CPU.ActiveCfg = Release|Any CPU
		{E5FB0A95-7046-4FCD-B019-CF40F8CC2DC0}.Release|Any CPU.Build.0 = Release|Any CPU
		{E5FB0A95-7046-4FCD-B019-CF40F8CC2DC0}.Release|Mixed Platforms.ActiveCfg = Release|x64
		{E5FB0A95-7046-4FCD-B019-CF40F8CC2DC0}.Release|Mixed Platforms.Build.0 = Release|x64
		{E5FB0A95-7046-4FCD-B019-CF40F8CC2DC0}.Release|Win32.ActiveCfg = Release|x64
		{E5FB0A95-7046-4FCD-B019-CF40F8CC2DC0}.Release|x64.ActiveCfg = Release|x64
		{E5FB0A95-7046-4FCD-B019-CF40F8CC2DC0}.Release|x86.ActiveCfg = Release|x86
		{E5FB0A95-7046-4FCD-B019-CF40F8CC2DC0}.Release|x86.Build.0 = Release|x86
		{4B139CDD-A141-4F56-98B6-4383D6167707}.Debug|Any CPU.ActiveCfg = Debug|x64
		{4B139CDD-A141-4F56-98B6-4383D6167707}.Debug|Mixed Platforms.ActiveCfg = Debug|x64
		{4B139CDD-A141-4F56-98B6-4383D6167707}.Debug|Mixed Platforms.Build.0 = Debug|x64
		{4B139CDD-A141-4F56-98B6-4383D6167707}.Debug|Win32.ActiveCfg = Debug|x64
		{4B139CDD-A141-4F56-98B6-4383D6167707}.Debug|x64.ActiveCfg = Debug|x64
		{4B139CDD-A141-4F56-98B6-4383D6167707}.Debug|x64.Build.0 = Debug|x64
		{4B139CDD-A141-4F56-98B6-4383D6167707}.Debug|x86.ActiveCfg = Debug|x86
		{4B139CDD-A141-4F56-98B6-4383D6167707}.Debug|x86.Build.0 = Debug|x86
		{4B139CDD-A141-4F56-98B6-4383D6167707}.Release|Any CPU.ActiveCfg = Release|x64
		{4B139CDD-A141-4F56-98B6-4383D6167707}.Release|Mixed Platforms.ActiveCfg = Release|x64
		{4B139CDD-A141-4F56-98B6-4383D6167707}.Release|Mixed Platforms.Build.0 = Release|x64
		{4B139CDD-A141-4F56-98B6-4383D6167707}.Release|Win32.ActiveCfg = Release|x64
		{4B139CDD-A141-4F56-98B6-4383D6167707}.Release|x64.ActiveCfg = Release|x64
		{4B139CDD-A141-4F56-98B6-4383D6167707}.Release|x86.ActiveCfg = Release|x86
		{4B139CDD-A141-4F56-98B6-4383D6167707}.Release|x86.Build.0 = Release|x86
		{CAEF8559-F857-4CC2-AE5D-B1316A9AD24B}.Debug|Any CPU.ActiveCfg = Debug|x64
		{CAEF8559-F857-4CC2-AE5D-B1316A9AD24B}.Debug|Mixed Platforms.ActiveCfg = Debug|x64
		{CAEF8559-F857-4CC2-AE5D-B1316A9AD24B}.Debug|Mixed Platforms.Build.0 = Debug|x64
		{CAEF8559-F857-4CC2-AE5D-B1316A9AD24B}.Debug|Win32.ActiveCfg = Debug|Win32
		{CAEF8559-F857-4CC2-AE5D-B1316A9AD24B}.Debug|Win32.Build.0 = Debug|Win32
		{CAEF8559-F857-4CC2-AE5D-B1316A9AD24B}.Debug|x64.ActiveCfg = Debug|x64
		{CAEF8559-F857-4CC2-AE5D-B1316A9AD24B}.Debug|x64.Build.0 = Debug|x64
		{CAEF8559-F857-4CC2-AE5D-B1316A9AD24B}.Debug|x86.ActiveCfg = Debug|x64
		{CAEF8559-F857-4CC2-AE5D-B1316A9AD24B}.Release|Any CPU.ActiveCfg = Release|x64
		{CAEF8559-F857-4CC2-AE5D-B1316A9AD24B}.Release|Mixed Platforms.ActiveCfg = Release|x64
		{CAEF8559-F857-4CC2-AE5D-B1316A9AD24B}.Release|Mixed Platforms.Build.0 = Release|x64
		{CAEF8559-F857-4CC2-AE5D-B1316A9AD24B}.Release|Win32.ActiveCfg = Release|Win32
		{CAEF8559-F857-4CC2-AE5D-B1316A9AD24B}.Release|Win32.Build.0 = Release|Win32
		{CAEF8559-F857-4CC2-AE5D-B1316A9AD24B}.Release|x64.ActiveCfg = Release|x64
		{CAEF8559-F857-4CC2-AE5D-B1316A9AD24B}.Release|x86.ActiveCfg = Release|x64
		{96577234-BB66-43FF-AEA0-4958C8ABAAE8}.Debug|Any CPU.ActiveCfg = Debug|x64
		{96577234-BB66-43FF-AEA0-4958C8ABAAE8}.Debug|Mixed Platforms.ActiveCfg = Debug|x64
		{96577234-BB66-43FF-AEA0-4958C8ABAAE8}.Debug|Mixed Platforms.Build.0 = Debug|x64
		{96577234-BB66-43FF-AEA0-4958C8ABAAE8}.Debug|Win32.ActiveCfg = Debug|Win32
		{96577234-BB66-43FF-AEA0-4958C8ABAAE8}.Debug|Win32.Build.0 = Debug|Win32
		{96577234-BB66-43FF-AEA0-4958C8ABAAE8}.Debug|x64.ActiveCfg = Debug|x64
		{96577234-BB66-43FF-AEA0-4958C8ABAAE8}.Debug|x64.Build.0 = Debug|x64
		{96577234-BB66-43FF-AEA0-4958C8ABAAE8}.Debug|x86.ActiveCfg = Debug|x64
		{96577234-BB66-43FF-AEA0-4958C8ABAAE8}.Release|Any CPU.ActiveCfg = Release|x64
		{96577234-BB66-43FF-AEA0-4958C8ABAAE8}.Release|Mixed Platforms.ActiveCfg = Release|x64
		{96577234-BB66-43FF-AEA0-4958C8ABAAE8}.Release|Mixed Platforms.Build.0 = Release|x64
		{96577234-BB66-43FF-AEA0-4958C8ABAAE8}.Release|Win32.ActiveCfg = Release|Win32
		{96577234-BB66-43FF-AEA0-4958C8ABAAE8}.Release|Win32.Build.0 = Release|Win32
		{96577234-BB66-43FF-AEA0-4958C8ABAAE8}.Release|x64.ActiveCfg = Release|x64
		{96577234-BB66-43FF-AEA0-4958C8ABAAE8}.Release|x86.ActiveCfg = Release|x64
		{3E3CBC28-71B2-436B-AC2B-71FE4AAC6A03}.Debug|Any CPU.ActiveCfg = Debug|x64
		{3E3CBC28-71B2-436B-AC2B-71FE4AAC6A03}.Debug|Mixed Platforms.ActiveCfg = Debug|x64
		{3E3CBC28-71B2-436B-AC2B-71FE4AAC6A03}.Debug|Mixed Platforms.Build.0 = Debug|x64
		{3E3CBC28-71B2-436B-AC2B-71FE4AAC6A03}.Debug|Win32.ActiveCfg = Debug|Win32
		{3E3CBC28-71B2-436B-AC2B-71FE4AAC6A03}.Debug|Win32.Build.0 = Debug|Win32
		{3E3CBC28-71B2-436B-AC2B-71FE4AAC6A03}.Debug|x64.ActiveCfg = Debug|x64
		{3E3CBC28-71B2-436B-AC2B-71FE4AAC6A03}.Debug|x64.Build.0 = Debug|x64
		{3E3CBC28-71B2-436B-AC2B-71FE4AAC6A03}.Debug|x86.ActiveCfg = Debug|x64
		{3E3CBC28-71B2-436B-AC2B-71FE4AAC6A03}.Release|Any CPU.ActiveCfg = Release|x64
		{3E3CBC28-71B2-436B-AC2B-71FE4AAC6A03}.Release|Mixed Platforms.ActiveCfg = Release|x64
		{3E3CBC28-71B2-436B-AC2B-71FE4AAC6A03}.Release|Mixed Platforms.Build.0 = Release|x64
		{3E3CBC28-71B2-436B-AC2B-71FE4AAC6A03}.Release|Win32.ActiveCfg = Release|Win32
		{3E3CBC28-71B2-436B-AC2B-71FE4AAC6A03}.Release|Win32.Build.0 = Release|Win32
		{3E3CBC28-71B2-436B-AC2B-71FE4AAC6A03}.Release|x64.ActiveCfg = Release|x64
		{3E3CBC28-71B2-436B-AC2B-71FE4AAC6A03}.Release|x86.ActiveCfg = Release|x64
		{F1E4A344-1B9D-42E4-8EA7-86DF53E99E8B}.Debug|Any CPU.ActiveCfg = Debug|x64
		{F1E4A344-1B9D-42E4-8EA7-86DF53E99E8B}.Debug|Mixed Platforms.ActiveCfg = Debug|x64
		{F1E4A344-1B9D-42E4-8EA7-86DF53E99E8B}.Debug|Mixed Platforms.Build.0 = Debug|x64
		{F1E4A344-1B9D-42E4-8EA7-86DF53E99E8B}.Debug|Win32.ActiveCfg = Debug|Win32
		{F1E4A344-1B9D-42E4-8EA7-86DF53E99E8B}.Debug|Win32.Build.0 = Debug|Win32
		{F1E4A344-1B9D-42E4-8EA7-86DF53E99E8B}.Debug|x64.ActiveCfg = Debug|x64
		{F1E4A344-1B9D-42E4-8EA7-86DF53E99E8B}.Debug|x64.Build.0 = Debug|x64
		{F1E4A344-1B9D-42E4-8EA7-86DF53E99E8B}.Debug|x86.ActiveCfg = Debug|x64
		{F1E4A344-1B9D-42E4-8EA7-86DF53E99E8B}.Release|Any CPU.ActiveCfg = Release|x64
		{F1E4A344-1B9D-42E4-8EA7-86DF53E99E8B}.Release|Mixed Platforms.ActiveCfg = Release|x64
		{F1E4A344-1B9D-42E4-8EA7-86DF53E99E8B}.Release|Mixed Platforms.Build.0 = Release|x64
		{F1E4A344-1B9D-42E4-8EA7-86DF53E99E8B}.Release|Win32.ActiveCfg = Release|Win32
		{F1E4A344-1B9D-42E4-8EA7-86DF53E99E8B}.Release|Win32.Build.0 = Release|Win32
		{F1E4A344-1B9D-42E4-8EA7-86DF53E99E8B}.Release|x64.ActiveCfg = Debug|x64
		{F1E4A344-1B9D-42E4-8EA7-86DF53E99E8B}.Release|x86.ActiveCfg = Release|x64
		{B0ABAFAF-440B-42C9-B0DA-BD0E6E759CFC}.Debug|Any CPU.ActiveCfg = Debug|x64
		{B0ABAFAF-440B-42C9-B0DA-BD0E6E759CFC}.Debug|Mixed Platforms.ActiveCfg = Debug|x64
		{B0ABAFAF-440B-42C9-B0DA-BD0E6E759CFC}.Debug|Mixed Platforms.Build.0 = Debug|x64
		{B0ABAFAF-440B-42C9-B0DA-BD0E6E759CFC}.Debug|Win32.ActiveCfg = Debug|x64
		{B0ABAFAF-440B-42C9-B0DA-BD0E6E759CFC}.Debug|x64.ActiveCfg = Debug|x64
		{B0ABAFAF-440B-42C9-B0DA-BD0E6E759CFC}.Debug|x64.Build.0 = Debug|x64
		{B0ABAFAF-440B-42C9-B0DA-BD0E6E759CFC}.Debug|x86.ActiveCfg = Debug|x86
		{B0ABAFAF-440B-42C9-B0DA-BD0E6E759CFC}.Debug|x86.Build.0 = Debug|x86
		{B0ABAFAF-440B-42C9-B0DA-BD0E6E759CFC}.Release|Any CPU.ActiveCfg = Release|x64
		{B0ABAFAF-440B-42C9-B0DA-BD0E6E759CFC}.Release|Mixed Platforms.ActiveCfg = Release|x64
		{B0ABAFAF-440B-42C9-B0DA-BD0E6E759CFC}.Release|Mixed Platforms.Build.0 = Release|x64
		{B0ABAFAF-440B-42C9-B0DA-BD0E6E759CFC}.Release|Win32.ActiveCfg = Release|x64
		{B0ABAFAF-440B-42C9-B0DA-BD0E6E759CFC}.Release|x64.ActiveCfg = Release|x64
		{B0ABAFAF-440B-42C9-B0DA-BD0E6E759CFC}.Release|x64.Build.0 = Release|x64
		{B0ABAFAF-440B-42C9-B0DA-BD0E6E759CFC}.Release|x86.ActiveCfg = Release|x86
		{B0ABAFAF-440B-42C9-B0DA-BD0E6E759CFC}.Release|x86.Build.0 = Release|x86
		{776249C3-2591-4AE4-9366-C319AD783EF7}.Debug|Any CPU.ActiveCfg = Debug|Any CPU
		{776249C3-2591-4AE4-9366-C319AD783EF7}.Debug|Any CPU.Build.0 = Debug|Any CPU
		{776249C3-2591-4AE4-9366-C319AD783EF7}.Debug|Mixed Platforms.ActiveCfg = Debug|x64
		{776249C3-2591-4AE4-9366-C319AD783EF7}.Debug|Mixed Platforms.Build.0 = Debug|x64
		{776249C3-2591-4AE4-9366-C319AD783EF7}.Debug|Win32.ActiveCfg = Debug|x64
		{776249C3-2591-4AE4-9366-C319AD783EF7}.Debug|x64.ActiveCfg = Debug|x64
		{776249C3-2591-4AE4-9366-C319AD783EF7}.Debug|x64.Build.0 = Debug|x64
		{776249C3-2591-4AE4-9366-C319AD783EF7}.Debug|x86.ActiveCfg = Debug|x86
		{776249C3-2591-4AE4-9366-C319AD783EF7}.Debug|x86.Build.0 = Debug|x86
		{776249C3-2591-4AE4-9366-C319AD783EF7}.Release|Any CPU.ActiveCfg = Release|Any CPU
		{776249C3-2591-4AE4-9366-C319AD783EF7}.Release|Any CPU.Build.0 = Release|Any CPU
		{776249C3-2591-4AE4-9366-C319AD783EF7}.Release|Mixed Platforms.ActiveCfg = Release|x64
		{776249C3-2591-4AE4-9366-C319AD783EF7}.Release|Mixed Platforms.Build.0 = Release|x64
		{776249C3-2591-4AE4-9366-C319AD783EF7}.Release|Win32.ActiveCfg = Release|x64
		{776249C3-2591-4AE4-9366-C319AD783EF7}.Release|x64.ActiveCfg = Release|x64
		{776249C3-2591-4AE4-9366-C319AD783EF7}.Release|x86.ActiveCfg = Release|x86
		{776249C3-2591-4AE4-9366-C319AD783EF7}.Release|x86.Build.0 = Release|x86
		{40173BBA-88EF-4EC6-9F9C-DD50840955AC}.Debug|Any CPU.ActiveCfg = Debug|x64
		{40173BBA-88EF-4EC6-9F9C-DD50840955AC}.Debug|Mixed Platforms.ActiveCfg = Debug|x64
		{40173BBA-88EF-4EC6-9F9C-DD50840955AC}.Debug|Mixed Platforms.Build.0 = Debug|x64
		{40173BBA-88EF-4EC6-9F9C-DD50840955AC}.Debug|Win32.ActiveCfg = Debug|Win32
		{40173BBA-88EF-4EC6-9F9C-DD50840955AC}.Debug|Win32.Build.0 = Debug|Win32
		{40173BBA-88EF-4EC6-9F9C-DD50840955AC}.Debug|x64.ActiveCfg = Debug|x64
		{40173BBA-88EF-4EC6-9F9C-DD50840955AC}.Debug|x64.Build.0 = Debug|x64
		{40173BBA-88EF-4EC6-9F9C-DD50840955AC}.Debug|x86.ActiveCfg = Debug|x64
		{40173BBA-88EF-4EC6-9F9C-DD50840955AC}.Release|Any CPU.ActiveCfg = Release|x64
		{40173BBA-88EF-4EC6-9F9C-DD50840955AC}.Release|Mixed Platforms.ActiveCfg = Release|x64
		{40173BBA-88EF-4EC6-9F9C-DD50840955AC}.Release|Mixed Platforms.Build.0 = Release|x64
		{40173BBA-88EF-4EC6-9F9C-DD50840955AC}.Release|Win32.ActiveCfg = Release|Win32
		{40173BBA-88EF-4EC6-9F9C-DD50840955AC}.Release|Win32.Build.0 = Release|Win32
		{40173BBA-88EF-4EC6-9F9C-DD50840955AC}.Release|x64.ActiveCfg = Release|x64
		{40173BBA-88EF-4EC6-9F9C-DD50840955AC}.Release|x86.ActiveCfg = Release|x64
	EndGlobalSection
	GlobalSection(SolutionProperties) = preSolution
		HideSolutionNode = FALSE
	EndGlobalSection
EndGlobal
