<?xml version="1.0" encoding="utf-8"?>
<Project ToolsVersion="4.0" xmlns="http://schemas.microsoft.com/developer/msbuild/2003">
  <ItemGroup>
    <Filter Include="리소스 파일">
      <UniqueIdentifier>{67DA6AB6-F800-4c08-8B7A-83BB121AAD01}</UniqueIdentifier>
      <Extensions>rc;ico;cur;bmp;dlg;rc2;rct;bin;rgs;gif;jpg;jpeg;jpe;resx;tiff;tif;png;wav;mfcribbon-ms</Extensions>
    </Filter>
    <Filter Include="30.Common">
      <UniqueIdentifier>{bf929706-ff4b-4e9e-bbdf-3f9d3b441339}</UniqueIdentifier>
    </Filter>
    <Filter Include="01.Global">
      <UniqueIdentifier>{4de11595-7401-4421-a238-776b2b812dae}</UniqueIdentifier>
    </Filter>
    <Filter Include="00.MFC_frame">
      <UniqueIdentifier>{f8c33397-3d14-42d0-be10-04d3a47946ec}</UniqueIdentifier>
    </Filter>
    <Filter Include="02.Thread">
      <UniqueIdentifier>{5e060ea8-a357-4a6e-9782-9a7ed23921cc}</UniqueIdentifier>
    </Filter>
    <Filter Include="03.TCP">
      <UniqueIdentifier>{2420d266-3fe4-44f6-9780-4f10452b03f7}</UniqueIdentifier>
    </Filter>
    <Filter Include="08.Db">
      <UniqueIdentifier>{78af256a-58c6-4adb-b9a2-dea3ead95178}</UniqueIdentifier>
    </Filter>
    <Filter Include="11.BtfaxCore">
      <UniqueIdentifier>{a0d2b5b6-f584-4ae8-917f-129646dcb160}</UniqueIdentifier>
    </Filter>
  </ItemGroup>
  <ItemGroup>
    <None Include="ReadMe.txt" />
    <None Include="res\FOD.rc2">
      <Filter>리소스 파일</Filter>
    </None>
    <None Include="res\FOD.ico">
      <Filter>리소스 파일</Filter>
    </None>
    <None Include="res\main.ico">
      <Filter>리소스 파일</Filter>
    </None>
    <None Include="..\..\res\main.ico">
      <Filter>리소스 파일</Filter>
    </None>
  </ItemGroup>
  <ItemGroup>
    <ClInclude Include="stdafx.h">
      <Filter>01.Global</Filter>
    </ClInclude>
    <ClInclude Include="APP.h">
      <Filter>00.MFC_frame</Filter>
    </ClInclude>
    <ClInclude Include="DLG.h">
      <Filter>00.MFC_frame</Filter>
    </ClInclude>
    <ClInclude Include="Config.h">
      <Filter>01.Global</Filter>
    </ClInclude>
    <ClInclude Include="DbModule.h">
      <Filter>08.Db</Filter>
    </ClInclude>
    <ClInclude Include="targetver.h">
      <Filter>00.MFC_frame</Filter>
    </ClInclude>
    <ClInclude Include="Resource.h">
      <Filter>리소스 파일</Filter>
    </ClInclude>
    <ClInclude Include="..\..\11.btfax_core\btfax.h">
      <Filter>11.BtfaxCore</Filter>
    </ClInclude>
    <ClInclude Include="..\..\11.btfax_core\btfema.h">
      <Filter>11.BtfaxCore</Filter>
    </ClInclude>
    <ClInclude Include="..\..\11.btfax_core\btflib.h">
      <Filter>11.BtfaxCore</Filter>
    </ClInclude>
    <ClInclude Include="DbThread.h">
      <Filter>02.Thread</Filter>
    </ClInclude>
    <ClInclude Include="..\05.Common\EasySize.h">
      <Filter>30.Common</Filter>
    </ClInclude>
    <ClInclude Include="..\05.Common\TabConfig.h">
      <Filter>30.Common</Filter>
    </ClInclude>
    <ClInclude Include="..\05.Common\TabInfo.h">
      <Filter>30.Common</Filter>
    </ClInclude>
    <ClInclude Include="..\05.Common\TabUiLog.h">
      <Filter>30.Common</Filter>
    </ClInclude>
    <ClInclude Include="ShmThread.h">
      <Filter>02.Thread</Filter>
    </ClInclude>
  </ItemGroup>
  <ItemGroup>
    <ClCompile Include="stdafx.cpp">
      <Filter>01.Global</Filter>
    </ClCompile>
    <ClCompile Include="APP.cpp">
      <Filter>00.MFC_frame</Filter>
    </ClCompile>
    <ClCompile Include="DLG.cpp">
      <Filter>00.MFC_frame</Filter>
    </ClCompile>
    <ClCompile Include="Config.cpp">
      <Filter>01.Global</Filter>
    </ClCompile>
    <ClCompile Include="DbModule.cpp">
      <Filter>08.Db</Filter>
    </ClCompile>
    <ClCompile Include="DbThread.cpp">
      <Filter>02.Thread</Filter>
    </ClCompile>
    <ClCompile Include="..\05.Common\TabConfig.cpp">
      <Filter>30.Common</Filter>
    </ClCompile>
    <ClCompile Include="..\05.Common\TabInfo.cpp">
      <Filter>30.Common</Filter>
    </ClCompile>
    <ClCompile Include="..\05.Common\TabUiLog.cpp">
      <Filter>30.Common</Filter>
    </ClCompile>
    <ClCompile Include="ShmThread.cpp">
      <Filter>02.Thread</Filter>
    </ClCompile>
  </ItemGroup>
  <ItemGroup>
    <ResourceCompile Include="FOD.rc">
      <Filter>리소스 파일</Filter>
    </ResourceCompile>
  </ItemGroup>
</Project>